{
  "name": "@sequencehq/openapi-schema",
  "version": "2022.11.28-1704-e93b74fe",
  "lockfileVersion": 2,
  "requires": true,
  "packages": {
    "": {
      "name": "@sequencehq/openapi-schema",
      "version": "2022.11.28-1704-e93b74fe",
      "license": "UNLICENSED",
      "dependencies": {
        "@sequencehq/api-client-typescript-fetch": "2022.11.28-1704-e93b74fe"
      }
    }
  }
}
